{
  "version": 4,
  "terraform_version": "1.4.6",
  "serial": 8,
  "lineage": "418d633a-d0a2-c5b1-f441-e23a22d00921",
  "outputs": {
    "url": {
      "value": {
        "authorization_type": "NONE",
        "cors": [],
        "function_arn": "arn:aws:lambda:us-east-1:000000000000:function:lambda_fix",
        "function_name": "lambda_fix",
        "function_url": "http://as2403o1huos60yx82dy9qgdvoiapxyd.lambda-url.us-east-1.localhost.localstack.cloud:4566/",
        "id": "lambda_fix",
        "invoke_mode": "BUFFERED",
        "qualifier": "",
        "timeouts": null,
        "url_id": "as2403o1huos60yx82dy9qgdvoiapxyd"
      },
      "type": [
        "object",
        {
          "authorization_type": "string",
          "cors": [
            "list",
            [
              "object",
              {
                "allow_credentials": "bool",
                "allow_headers": [
                  "set",
                  "string"
                ],
                "allow_methods": [
                  "set",
                  "string"
                ],
                "allow_origins": [
                  "set",
                  "string"
                ],
                "expose_headers": [
                  "set",
                  "string"
                ],
                "max_age": "number"
              }
            ]
          ],
          "function_arn": "string",
          "function_name": "string",
          "function_url": "string",
          "id": "string",
          "invoke_mode": "string",
          "qualifier": "string",
          "timeouts": [
            "object",
            {
              "create": "string"
            }
          ],
          "url_id": "string"
        }
      ]
    }
  },
  "resources": [
    {
      "mode": "data",
      "type": "archive_file",
      "name": "lambda_zip",
      "provider": "provider[\"registry.terraform.io/hashicorp/archive\"]",
      "instances": [
        {
          "schema_version": 0,
          "attributes": {
            "exclude_symlink_directories": null,
            "excludes": null,
            "id": "875de0274194b46b46c5d8cdffb10330ba9c2a3e",
            "output_base64sha256": "HxmW7aapbq/JbMVGFKStGBYXKLrWfX3oApK55XHk+mI=",
            "output_base64sha512": "g9TQ98cB1ehINjN4rxK0jTPbIOcuNBlwgAQCDz2ABi9cOgJaqmCS3YO2bslqvE3Adl/aXZgt/Gp11rMvETZ1AQ==",
            "output_file_mode": null,
            "output_md5": "9423e91ce53a800086a2b606874f9489",
            "output_path": "lambda.zip",
            "output_sha": "875de0274194b46b46c5d8cdffb10330ba9c2a3e",
            "output_sha256": "1f1996eda6a96eafc96cc54614a4ad18161728bad67d7de80292b9e571e4fa62",
            "output_sha512": "83d4d0f7c701d5e848363378af12b48d33db20e72e3419708004020f3d80062f5c3a025aaa6092dd83b66ec96abc4dc0765fda5d982dfc6a75d6b32f11367501",
            "output_size": 335,
            "source": [],
            "source_content": null,
            "source_content_filename": null,
            "source_dir": null,
            "source_file": "./index.js",
            "type": "zip"
          },
          "sensitive_attributes": []
        }
      ]
    },
    {
      "mode": "managed",
      "type": "aws_iam_role",
      "name": "iam_for_lambda_fix",
      "provider": "provider[\"registry.terraform.io/hashicorp/aws\"]",
      "instances": [
        {
          "schema_version": 0,
          "attributes": {
            "arn": "arn:aws:iam::000000000000:role/iam_for_lambda_fix",
            "assume_role_policy": "{\"Statement\":[{\"Action\":\"sts:AssumeRole\",\"Effect\":\"Allow\",\"Principal\":{\"Service\":\"lambda.amazonaws.com\"},\"Sid\":\"\"}],\"Version\":\"2012-10-17\"}",
            "create_date": "2023-07-20T12:45:41Z",
            "description": "",
            "force_detach_policies": false,
            "id": "iam_for_lambda_fix",
            "inline_policy": [],
            "managed_policy_arns": [],
            "max_session_duration": 3600,
            "name": "iam_for_lambda_fix",
            "name_prefix": "",
            "path": "/",
            "permissions_boundary": null,
            "tags": {},
            "tags_all": {},
            "unique_id": "AROAQAAAAAAAI4FTKULC5"
          },
          "sensitive_attributes": [],
          "private": "bnVsbA=="
        }
      ]
    },
    {
      "mode": "managed",
      "type": "aws_lambda_function",
      "name": "lambda",
      "provider": "provider[\"registry.terraform.io/hashicorp/aws\"]",
      "instances": [
        {
          "schema_version": 0,
          "attributes": {
            "architectures": [
              "x86_64"
            ],
            "arn": "arn:aws:lambda:us-east-1:000000000000:function:lambda_fix",
            "code_signing_config_arn": "",
            "dead_letter_config": [],
            "description": "",
            "environment": [],
            "ephemeral_storage": [
              {
                "size": 512
              }
            ],
            "file_system_config": [],
            "filename": "lambda.zip",
            "function_name": "lambda_fix",
            "handler": "./index.handler",
            "id": "lambda_fix",
            "image_config": [],
            "image_uri": "",
            "invoke_arn": "arn:aws:apigateway:us-east-1:lambda:path/2015-03-31/functions/arn:aws:lambda:us-east-1:000000000000:function:lambda_fix/invocations",
            "kms_key_arn": "",
            "last_modified": "2023-07-20T12:50:20.193467+0000",
            "layers": [],
            "memory_size": 128,
            "package_type": "Zip",
            "publish": false,
            "qualified_arn": "arn:aws:lambda:us-east-1:000000000000:function:lambda_fix:$LATEST",
            "qualified_invoke_arn": "arn:aws:apigateway:us-east-1:lambda:path/2015-03-31/functions/arn:aws:lambda:us-east-1:000000000000:function:lambda_fix:$LATEST/invocations",
            "replace_security_groups_on_destroy": null,
            "replacement_security_group_ids": null,
            "reserved_concurrent_executions": -1,
            "role": "arn:aws:iam::000000000000:role/iam_for_lambda_fix",
            "runtime": "nodejs16.x",
            "s3_bucket": null,
            "s3_key": null,
            "s3_object_version": null,
            "signing_job_arn": "",
            "signing_profile_version_arn": "",
            "skip_destroy": false,
            "snap_start": [],
            "source_code_hash": "HxmW7aapbq/JbMVGFKStGBYXKLrWfX3oApK55XHk+mI=",
            "source_code_size": 335,
            "tags": {},
            "tags_all": {},
            "timeout": 30,
            "timeouts": null,
            "tracing_config": [
              {
                "mode": "PassThrough"
              }
            ],
            "version": "$LATEST",
            "vpc_config": []
          },
          "sensitive_attributes": [],
          "private": "eyJlMmJmYjczMC1lY2FhLTExZTYtOGY4OC0zNDM2M2JjN2M0YzAiOnsiY3JlYXRlIjo2MDAwMDAwMDAwMDAsImRlbGV0ZSI6NjAwMDAwMDAwMDAwLCJ1cGRhdGUiOjYwMDAwMDAwMDAwMH19",
          "dependencies": [
            "aws_iam_role.iam_for_lambda_fix",
            "data.archive_file.lambda_zip"
          ]
        }
      ]
    },
    {
      "mode": "managed",
      "type": "aws_lambda_function_url",
      "name": "function_url",
      "provider": "provider[\"registry.terraform.io/hashicorp/aws\"]",
      "instances": [
        {
          "schema_version": 0,
          "attributes": {
            "authorization_type": "NONE",
            "cors": [],
            "function_arn": "arn:aws:lambda:us-east-1:000000000000:function:lambda_fix",
            "function_name": "lambda_fix",
            "function_url": "http://as2403o1huos60yx82dy9qgdvoiapxyd.lambda-url.us-east-1.localhost.localstack.cloud:4566/",
            "id": "lambda_fix",
            "invoke_mode": "",
            "qualifier": "",
            "timeouts": null,
            "url_id": "as2403o1huos60yx82dy9qgdvoiapxyd"
          },
          "sensitive_attributes": [],
          "private": "eyJlMmJmYjczMC1lY2FhLTExZTYtOGY4OC0zNDM2M2JjN2M0YzAiOnsiY3JlYXRlIjo2MDAwMDAwMDAwMDB9fQ==",
          "dependencies": [
            "aws_iam_role.iam_for_lambda_fix",
            "aws_lambda_function.lambda",
            "data.archive_file.lambda_zip"
          ]
        }
      ]
    }
  ],
  "check_results": null
}
